// !$*UTF8*$!
{
	archiveVersion = 1;
	classes = {
	};
	objectVersion = 50;
	objects = {

/* Begin PBXBuildFile section */
		457B375224609081005EDEF8 /* AppDelegate.swift in Sources */ = {isa = PBXBuildFile; fileRef = 457B375124609081005EDEF8 /* AppDelegate.swift */; };
		457B375424609081005EDEF8 /* SceneDelegate.swift in Sources */ = {isa = PBXBuildFile; fileRef = 457B375324609081005EDEF8 /* SceneDelegate.swift */; };
		457B375624609081005EDEF8 /* ViewController.swift in Sources */ = {isa = PBXBuildFile; fileRef = 457B375524609081005EDEF8 /* ViewController.swift */; };
		457B375924609081005EDEF8 /* Main.storyboard in Resources */ = {isa = PBXBuildFile; fileRef = 457B375724609081005EDEF8 /* Main.storyboard */; };
		457B375B24609083005EDEF8 /* Assets.xcassets in Resources */ = {isa = PBXBuildFile; fileRef = 457B375A24609083005EDEF8 /* Assets.xcassets */; };
		457B375E24609083005EDEF8 /* LaunchScreen.storyboard in Resources */ = {isa = PBXBuildFile; fileRef = 457B375C24609083005EDEF8 /* LaunchScreen.storyboard */; };
		457B376624609155005EDEF8 /* UIView+XIB.swift in Sources */ = {isa = PBXBuildFile; fileRef = 457B376524609155005EDEF8 /* UIView+XIB.swift */; };
		457B376A24609306005EDEF8 /* MenuHeaderView.swift in Sources */ = {isa = PBXBuildFile; fileRef = 457B376924609306005EDEF8 /* MenuHeaderView.swift */; };
		457B376C2460930E005EDEF8 /* MenuHeaderView.xib in Resources */ = {isa = PBXBuildFile; fileRef = 457B376B2460930E005EDEF8 /* MenuHeaderView.xib */; };
		457B376F24609566005EDEF8 /* MenuHeaderCell.swift in Sources */ = {isa = PBXBuildFile; fileRef = 457B376D24609566005EDEF8 /* MenuHeaderCell.swift */; };
		457B377024609566005EDEF8 /* MenuHeaderCell.xib in Resources */ = {isa = PBXBuildFile; fileRef = 457B376E24609566005EDEF8 /* MenuHeaderCell.xib */; };
		457B3773246096FB005EDEF8 /* Menu.swift in Sources */ = {isa = PBXBuildFile; fileRef = 457B3772246096FB005EDEF8 /* Menu.swift */; };
/* End PBXBuildFile section */

/* Begin PBXFileReference section */
		457B374E24609081005EDEF8 /* Paging-Menu-Sample.app */ = {isa = PBXFileReference; explicitFileType = wrapper.application; includeInIndex = 0; path = "Paging-Menu-Sample.app"; sourceTree = BUILT_PRODUCTS_DIR; };
		457B375124609081005EDEF8 /* AppDelegate.swift */ = {isa = PBXFileReference; lastKnownFileType = sourcecode.swift; path = AppDelegate.swift; sourceTree = "<group>"; };
		457B375324609081005EDEF8 /* SceneDelegate.swift */ = {isa = PBXFileReference; lastKnownFileType = sourcecode.swift; path = SceneDelegate.swift; sourceTree = "<group>"; };
		457B375524609081005EDEF8 /* ViewController.swift */ = {isa = PBXFileReference; lastKnownFileType = sourcecode.swift; path = ViewController.swift; sourceTree = "<group>"; };
		457B375824609081005EDEF8 /* Base */ = {isa = PBXFileReference; lastKnownFileType = file.storyboard; name = Base; path = Base.lproj/Main.storyboard; sourceTree = "<group>"; };
		457B375A24609083005EDEF8 /* Assets.xcassets */ = {isa = PBXFileReference; lastKnownFileType = folder.assetcatalog; path = Assets.xcassets; sourceTree = "<group>"; };
		457B375D24609083005EDEF8 /* Base */ = {isa = PBXFileReference; lastKnownFileType = file.storyboard; name = Base; path = Base.lproj/LaunchScreen.storyboard; sourceTree = "<group>"; };
		457B375F24609083005EDEF8 /* Info.plist */ = {isa = PBXFileReference; lastKnownFileType = text.plist.xml; path = Info.plist; sourceTree = "<group>"; };
		457B376524609155005EDEF8 /* UIView+XIB.swift */ = {isa = PBXFileReference; lastKnownFileType = sourcecode.swift; path = "UIView+XIB.swift"; sourceTree = "<group>"; };
		457B376924609306005EDEF8 /* MenuHeaderView.swift */ = {isa = PBXFileReference; lastKnownFileType = sourcecode.swift; path = MenuHeaderView.swift; sourceTree = "<group>"; };
		457B376B2460930E005EDEF8 /* MenuHeaderView.xib */ = {isa = PBXFileReference; lastKnownFileType = file.xib; path = MenuHeaderView.xib; sourceTree = "<group>"; };
		457B376D24609566005EDEF8 /* MenuHeaderCell.swift */ = {isa = PBXFileReference; lastKnownFileType = sourcecode.swift; path = MenuHeaderCell.swift; sourceTree = "<group>"; };
		457B376E24609566005EDEF8 /* MenuHeaderCell.xib */ = {isa = PBXFileReference; lastKnownFileType = file.xib; path = MenuHeaderCell.xib; sourceTree = "<group>"; };
		457B3772246096FB005EDEF8 /* Menu.swift */ = {isa = PBXFileReference; lastKnownFileType = sourcecode.swift; path = Menu.swift; sourceTree = "<group>"; };
/* End PBXFileReference section */

/* Begin PBXFrameworksBuildPhase section */
		457B374B24609081005EDEF8 /* Frameworks */ = {
			isa = PBXFrameworksBuildPhase;
			buildActionMask = 2147483647;
			files = (
			);
			runOnlyForDeploymentPostprocessing = 0;
		};
/* End PBXFrameworksBuildPhase section */

/* Begin PBXGroup section */
		457B374524609081005EDEF8 = {
			isa = PBXGroup;
			children = (
				457B375024609081005EDEF8 /* Paging-Menu-Sample */,
				457B374F24609081005EDEF8 /* Products */,
			);
			sourceTree = "<group>";
		};
		457B374F24609081005EDEF8 /* Products */ = {
			isa = PBXGroup;
			children = (
				457B374E24609081005EDEF8 /* Paging-Menu-Sample.app */,
			);
			name = Products;
			sourceTree = "<group>";
		};
		457B375024609081005EDEF8 /* Paging-Menu-Sample */ = {
			isa = PBXGroup;
			children = (
				457B3771246096E9005EDEF8 /* ValueObject */,
				457B3768246091D2005EDEF8 /* ViewController */,
				457B3767246091CB005EDEF8 /* Header */,
				457B375124609081005EDEF8 /* AppDelegate.swift */,
				457B375324609081005EDEF8 /* SceneDelegate.swift */,
				457B375A24609083005EDEF8 /* Assets.xcassets */,
				457B375C24609083005EDEF8 /* LaunchScreen.storyboard */,
				457B375F24609083005EDEF8 /* Info.plist */,
				457B376524609155005EDEF8 /* UIView+XIB.swift */,
			);
			path = "Paging-Menu-Sample";
			sourceTree = "<group>";
		};
		457B3767246091CB005EDEF8 /* Header */ = {
			isa = PBXGroup;
			children = (
				457B376924609306005EDEF8 /* MenuHeaderView.swift */,
				457B376B2460930E005EDEF8 /* MenuHeaderView.xib */,
				457B376D24609566005EDEF8 /* MenuHeaderCell.swift */,
				457B376E24609566005EDEF8 /* MenuHeaderCell.xib */,
			);
			path = Header;
			sourceTree = "<group>";
		};
		457B3768246091D2005EDEF8 /* ViewController */ = {
			isa = PBXGroup;
			children = (
				457B375524609081005EDEF8 /* ViewController.swift */,
				457B375724609081005EDEF8 /* Main.storyboard */,
			);
			path = ViewController;
			sourceTree = "<group>";
		};
		457B3771246096E9005EDEF8 /* ValueObject */ = {
			isa = PBXGroup;
			children = (
				457B3772246096FB005EDEF8 /* Menu.swift */,
			);
			path = ValueObject;
			sourceTree = "<group>";
		};
/* End PBXGroup section */

/* Begin PBXNativeTarget section */
		457B374D24609081005EDEF8 /* Paging-Menu-Sample */ = {
			isa = PBXNativeTarget;
			buildConfigurationList = 457B376224609083005EDEF8 /* Build configuration list for PBXNativeTarget "Paging-Menu-Sample" */;
			buildPhases = (
				457B374A24609081005EDEF8 /* Sources */,
				457B374B24609081005EDEF8 /* Frameworks */,
				457B374C24609081005EDEF8 /* Resources */,
			);
			buildRules = (
			);
			dependencies = (
			);
			name = "Paging-Menu-Sample";
			productName = "Paging-Menu-Sample";
			productReference = 457B374E24609081005EDEF8 /* Paging-Menu-Sample.app */;
			productType = "com.apple.product-type.application";
		};
/* End PBXNativeTarget section */

/* Begin PBXProject section */
		457B374624609081005EDEF8 /* Project object */ = {
			isa = PBXProject;
			attributes = {
				LastSwiftUpdateCheck = 1140;
				LastUpgradeCheck = 1140;
				ORGANIZATIONNAME = kawaharadai;
				TargetAttributes = {
					457B374D24609081005EDEF8 = {
						CreatedOnToolsVersion = 11.4.1;
					};
				};
			};
			buildConfigurationList = 457B374924609081005EDEF8 /* Build configuration list for PBXProject "Paging-Menu-Sample" */;
			compatibilityVersion = "Xcode 9.3";
			developmentRegion = en;
			hasScannedForEncodings = 0;
			knownRegions = (
				en,
				Base,
			);
			mainGroup = 457B374524609081005EDEF8;
			productRefGroup = 457B374F24609081005EDEF8 /* Products */;
			projectDirPath = "";
			projectRoot = "";
			targets = (
				457B374D24609081005EDEF8 /* Paging-Menu-Sample */,
			);
		};
/* End PBXProject section */

/* Begin PBXResourcesBuildPhase section */
		457B374C24609081005EDEF8 /* Resources */ = {
			isa = PBXResourcesBuildPhase;
			buildActionMask = 2147483647;
			files = (
				457B376C2460930E005EDEF8 /* MenuHeaderView.xib in Resources */,
				457B375E24609083005EDEF8 /* LaunchScreen.storyboard in Resources */,
				457B375B24609083005EDEF8 /* Assets.xcassets in Resources */,
				457B375924609081005EDEF8 /* Main.storyboard in Resources */,
				457B377024609566005EDEF8 /* MenuHeaderCell.xib in Resources */,
			);
			runOnlyForDeploymentPostprocessing = 0;
		};
/* End PBXResourcesBuildPhase section */

/* Begin PBXSourcesBuildPhase section */
		457B374A24609081005EDEF8 /* Sources */ = {
			isa = PBXSourcesBuildPhase;
			buildActionMask = 2147483647;
			files = (
				457B375624609081005EDEF8 /* ViewController.swift in Sources */,
				457B375224609081005EDEF8 /* AppDelegate.swift in Sources */,
				457B3773246096FB005EDEF8 /* Menu.swift in Sources */,
				457B376A24609306005EDEF8 /* MenuHeaderView.swift in Sources */,
				457B376F24609566005EDEF8 /* MenuHeaderCell.swift in Sources */,
				457B376624609155005EDEF8 /* UIView+XIB.swift in Sources */,
				457B375424609081005EDEF8 /* SceneDelegate.swift in Sources */,
			);
			runOnlyForDeploymentPostprocessing = 0;
		};
/* End PBXSourcesBuildPhase section */

/* Begin PBXVariantGroup section */
		457B375724609081005EDEF8 /* Main.storyboard */ = {
			isa = PBXVariantGroup;
			children = (
				457B375824609081005EDEF8 /* Base */,
			);
			name = Main.storyboard;
			sourceTree = "<group>";
		};
		457B375C24609083005EDEF8 /* LaunchScreen.storyboard */ = {
			isa = PBXVariantGroup;
			children = (
				457B375D24609083005EDEF8 /* Base */,
			);
			name = LaunchScreen.storyboard;
			sourceTree = "<group>";
		};
/* End PBXVariantGroup section */

/* Begin XCBuildConfiguration section */
		457B376024609083005EDEF8 /* Debug */ = {
			isa = XCBuildConfiguration;
			buildSettings = {
				ALWAYS_SEARCH_USER_PATHS = NO;
				CLANG_ANALYZER_NONNULL = YES;
				CLANG_ANALYZER_NUMBER_OBJECT_CONVERSION = YES_AGGRESSIVE;
				CLANG_CXX_LANGUAGE_STANDARD = "gnu++14";
				CLANG_CXX_LIBRARY = "libc++";
				CLANG_ENABLE_MODULES = YES;
				CLANG_ENABLE_OBJC_ARC = YES;
				CLANG_ENABLE_OBJC_WEAK = YES;
				CLANG_WARN_BLOCK_CAPTURE_AUTORELEASING = YES;
				CLANG_WARN_BOOL_CONVERSION = YES;
				CLANG_WARN_COMMA = YES;
				CLANG_WARN_CONSTANT_CONVERSION = YES;
				CLANG_WARN_DEPRECATED_OBJC_IMPLEMENTATIONS = YES;
				CLANG_WARN_DIRECT_OBJC_ISA_USAGE = YES_ERROR;
				CLANG_WARN_DOCUMENTATION_COMMENTS = YES;
				CLANG_WARN_EMPTY_BODY = YES;
				CLANG_WARN_ENUM_CONVERSION = YES;
				CLANG_WARN_INFINITE_RECURSION = YES;
				CLANG_WARN_INT_CONVERSION = YES;
				CLANG_WARN_NON_LITERAL_NULL_CONVERSION = YES;
				CLANG_WARN_OBJC_IMPLICIT_RETAIN_SELF = YES;
				CLANG_WARN_OBJC_LITERAL_CONVERSION = YES;
				CLANG_WARN_OBJC_ROOT_CLASS = YES_ERROR;
				CLANG_WARN_RANGE_LOOP_ANALYSIS = YES;
				CLANG_WARN_STRICT_PROTOTYPES = YES;
				CLANG_WARN_SUSPICIOUS_MOVE = YES;
				CLANG_WARN_UNGUARDED_AVAILABILITY = YES_AGGRESSIVE;
				CLANG_WARN_UNREACHABLE_CODE = YES;
				CLANG_WARN__DUPLICATE_METHOD_MATCH = YES;
				COPY_PHASE_STRIP = NO;
				DEBUG_INFORMATION_FORMAT = dwarf;
				ENABLE_STRICT_OBJC_MSGSEND = YES;
				ENABLE_TESTABILITY = YES;
				GCC_C_LANGUAGE_STANDARD = gnu11;
				GCC_DYNAMIC_NO_PIC = NO;
				GCC_NO_COMMON_BLOCKS = YES;
				GCC_OPTIMIZATION_LEVEL = 0;
				GCC_PREPROCESSOR_DEFINITIONS = (
					"DEBUG=1",
					"$(inherited)",
				);
				GCC_WARN_64_TO_32_BIT_CONVERSION = YES;
				GCC_WARN_ABOUT_RETURN_TYPE = YES_ERROR;
				GCC_WARN_UNDECLARED_SELECTOR = YES;
				GCC_WARN_UNINITIALIZED_AUTOS = YES_AGGRESSIVE;
				GCC_WARN_UNUSED_FUNCTION = YES;
				GCC_WARN_UNUSED_VARIABLE = YES;
				IPHONEOS_DEPLOYMENT_TARGET = 13.4;
				MTL_ENABLE_DEBUG_INFO = INCLUDE_SOURCE;
				MTL_FAST_MATH = YES;
				ONLY_ACTIVE_ARCH = YES;
				SDKROOT = iphoneos;
				SWIFT_ACTIVE_COMPILATION_CONDITIONS = DEBUG;
				SWIFT_OPTIMIZATION_LEVEL = "-Onone";
			};
			name = Debug;
		};
		457B376124609083005EDEF8 /* Release */ = {
			isa = XCBuildConfiguration;
			buildSettings = {
				ALWAYS_SEARCH_USER_PATHS = NO;
				CLANG_ANALYZER_NONNULL = YES;
				CLANG_ANALYZER_NUMBER_OBJECT_CONVERSION = YES_AGGRESSIVE;
				CLANG_CXX_LANGUAGE_STANDARD = "gnu++14";
				CLANG_CXX_LIBRARY = "libc++";
				CLANG_ENABLE_MODULES = YES;
				CLANG_ENABLE_OBJC_ARC = YES;
				CLANG_ENABLE_OBJC_WEAK = YES;
				CLANG_WARN_BLOCK_CAPTURE_AUTORELEASING = YES;
				CLANG_WARN_BOOL_CONVERSION = YES;
				CLANG_WARN_COMMA = YES;
				CLANG_WARN_CONSTANT_CONVERSION = YES;
				CLANG_WARN_DEPRECATED_OBJC_IMPLEMENTATIONS = YES;
				CLANG_WARN_DIRECT_OBJC_ISA_USAGE = YES_ERROR;
				CLANG_WARN_DOCUMENTATION_COMMENTS = YES;
				CLANG_WARN_EMPTY_BODY = YES;
				CLANG_WARN_ENUM_CONVERSION = YES;
				CLANG_WARN_INFINITE_RECURSION = YES;
				CLANG_WARN_INT_CONVERSION = YES;
				CLANG_WARN_NON_LITERAL_NULL_CONVERSION = YES;
				CLANG_WARN_OBJC_IMPLICIT_RETAIN_SELF = YES;
				CLANG_WARN_OBJC_LITERAL_CONVERSION = YES;
				CLANG_WARN_OBJC_ROOT_CLASS = YES_ERROR;
				CLANG_WARN_RANGE_LOOP_ANALYSIS = YES;
				CLANG_WARN_STRICT_PROTOTYPES = YES;
				CLANG_WARN_SUSPICIOUS_MOVE = YES;
				CLANG_WARN_UNGUARDED_AVAILABILITY = YES_AGGRESSIVE;
				CLANG_WARN_UNREACHABLE_CODE = YES;
				CLANG_WARN__DUPLICATE_METHOD_MATCH = YES;
				COPY_PHASE_STRIP = NO;
				DEBUG_INFORMATION_FORMAT = "dwarf-with-dsym";
				ENABLE_NS_ASSERTIONS = NO;
				ENABLE_STRICT_OBJC_MSGSEND = YES;
				GCC_C_LANGUAGE_STANDARD = gnu11;
				GCC_NO_COMMON_BLOCKS = YES;
				GCC_WARN_64_TO_32_BIT_CONVERSION = YES;
				GCC_WARN_ABOUT_RETURN_TYPE = YES_ERROR;
				GCC_WARN_UNDECLARED_SELECTOR = YES;
				GCC_WARN_UNINITIALIZED_AUTOS = YES_AGGRESSIVE;
				GCC_WARN_UNUSED_FUNCTION = YES;
				GCC_WARN_UNUSED_VARIABLE = YES;
				IPHONEOS_DEPLOYMENT_TARGET = 13.4;
				MTL_ENABLE_DEBUG_INFO = NO;
				MTL_FAST_MATH = YES;
				SDKROOT = iphoneos;
				SWIFT_COMPILATION_MODE = wholemodule;
				SWIFT_OPTIMIZATION_LEVEL = "-O";
				VALIDATE_PRODUCT = YES;
			};
			name = Release;
		};
		457B376324609083005EDEF8 /* Debug */ = {
			isa = XCBuildConfiguration;
			buildSettings = {
				ASSETCATALOG_COMPILER_APPICON_NAME = AppIcon;
				CODE_SIGN_STYLE = Automatic;
				DEVELOPMENT_TEAM = LVR5UQEHBD;
				INFOPLIST_FILE = "Paging-Menu-Sample/Info.plist";
				LD_RUNPATH_SEARCH_PATHS = (
					"$(inherited)",
					"@executable_path/Frameworks",
				);
				PRODUCT_BUNDLE_IDENTIFIER = "com.kawahara.Paging-Menu-Sample";
				PRODUCT_NAME = "$(TARGET_NAME)";
				SWIFT_VERSION = 5.0;
				TARGETED_DEVICE_FAMILY = 1;
			};
			name = Debug;
		};
		457B376424609083005EDEF8 /* Release */ = {
			isa = XCBuildConfiguration;
			buildSettings = {
				ASSETCATALOG_COMPILER_APPICON_NAME = AppIcon;
				CODE_SIGN_STYLE = Automatic;
				DEVELOPMENT_TEAM = LVR5UQEHBD;
				INFOPLIST_FILE = "Paging-Menu-Sample/Info.plist";
				LD_RUNPATH_SEARCH_PATHS = (
					"$(inherited)",
					"@executable_path/Frameworks",
				);
				PRODUCT_BUNDLE_IDENTIFIER = "com.kawahara.Paging-Menu-Sample";
				PRODUCT_NAME = "$(TARGET_NAME)";
				SWIFT_VERSION = 5.0;
				TARGETED_DEVICE_FAMILY = 1;
			};
			name = Release;
		};
/* End XCBuildConfiguration section */

/* Begin XCConfigurationList section */
		457B374924609081005EDEF8 /* Build configuration list for PBXProject "Paging-Menu-Sample" */ = {
			isa = XCConfigurationList;
			buildConfigurations = (
				457B376024609083005EDEF8 /* Debug */,
				457B376124609083005EDEF8 /* Release */,
			);
			defaultConfigurationIsVisible = 0;
			defaultConfigurationName = Release;
		};
		457B376224609083005EDEF8 /* Build configuration list for PBXNativeTarget "Paging-Menu-Sample" */ = {
			isa = XCConfigurationList;
			buildConfigurations = (
				457B376324609083005EDEF8 /* Debug */,
				457B376424609083005EDEF8 /* Release */,
			);
			defaultConfigurationIsVisible = 0;
			defaultConfigurationName = Release;
		};
/* End XCConfigurationList section */
	};
	rootObject = 457B374624609081005EDEF8 /* Project object */;
}
